Microsoft Visual Studio Solution File, Format Version 11.00
# Visual Studio 2008

Project("{CCDE09DB-811E-2A63-7C41-0A69B7A85BC5}") = "RPGame", "Assembly-CSharp-firstpass.csproj", "{7B6C7963-17AD-47C2-2CBF-777C885A65C6}"
EndProject
Project("{CCDE09DB-811E-2A63-7C41-0A69B7A85BC5}") = "RPGame", "Assembly-CSharp.csproj", "{88D000C3-9C5D-073F-524B-7763953FAFFF}"
EndProject
Project("{CCDE09DB-811E-2A63-7C41-0A69B7A85BC5}") = "RPGame", "Assembly-CSharp-Editor.csproj", "{20A1CA04-1B87-846C-85C0-FA6996BDD023}"
EndProject
Global
	GlobalSection(SolutionConfigurationPlatforms) = preSolution
		Debug|Any CPU = Debug|Any CPU
		Release|Any CPU = Release|Any CPU
	EndGlobalSection
	GlobalSection(ProjectConfigurationPlatforms) = postSolution
		{7B6C7963-17AD-47C2-2CBF-777C885A65C6}.Debug|Any CPU.ActiveCfg = Debug|Any CPU
		{7B6C7963-17AD-47C2-2CBF-777C885A65C6}.Debug|Any CPU.Build.0 = Debug|Any CPU
		{7B6C7963-17AD-47C2-2CBF-777C885A65C6}.Release|Any CPU.ActiveCfg = Release|Any CPU
		{7B6C7963-17AD-47C2-2CBF-777C885A65C6}.Release|Any CPU.Build.0 = Release|Any CPU
		{88D000C3-9C5D-073F-524B-7763953FAFFF}.Debug|Any CPU.ActiveCfg = Debug|Any CPU
		{88D000C3-9C5D-073F-524B-7763953FAFFF}.Debug|Any CPU.Build.0 = Debug|Any CPU
		{88D000C3-9C5D-073F-524B-7763953FAFFF}.Release|Any CPU.ActiveCfg = Release|Any CPU
		{88D000C3-9C5D-073F-524B-7763953FAFFF}.Release|Any CPU.Build.0 = Release|Any CPU
		{20A1CA04-1B87-846C-85C0-FA6996BDD023}.Debug|Any CPU.ActiveCfg = Debug|Any CPU
		{20A1CA04-1B87-846C-85C0-FA6996BDD023}.Debug|Any CPU.Build.0 = Debug|Any CPU
		{20A1CA04-1B87-846C-85C0-FA6996BDD023}.Release|Any CPU.ActiveCfg = Release|Any CPU
		{20A1CA04-1B87-846C-85C0-FA6996BDD023}.Release|Any CPU.Build.0 = Release|Any CPU
	EndGlobalSection
	GlobalSection(SolutionProperties) = preSolution
		HideSolutionNode = FALSE
	EndGlobalSection
	GlobalSection(MonoDevelopProperties) = preSolution
		StartupItem = Assembly-CSharp.csproj
	EndGlobalSection
EndGlobal
